
Microsoft Visual Studio Solution File, Format Version 12.00
# Visual Studio 16
Project("{FAE04EC0-301F-11D3-BF4B-00C04F79EFBC}") = "Assembly-CSharp", "Assembly-CSharp.csproj", "{732E57B1-DB2D-89C8-5FBC-2673426B3CE2}"
EndProject
Project("{FAE04EC0-301F-11D3-BF4B-00C04F79EFBC}") = "Assembly-CSharp-Editor", "Assembly-CSharp-Editor.csproj", "{B5D51FE5-1FE1-3EBF-9FB7-7EDA8859720F}"
EndProject
Global
	GlobalSection(SolutionConfigurationPlatforms) = preSolution
		Debug|Any CPU = Debug|Any CPU
		Release|Any CPU = Release|Any CPU
	EndGlobalSection
	GlobalSection(ProjectConfigurationPlatforms) = postSolution
		{732E57B1-DB2D-89C8-5FBC-2673426B3CE2}.Debug|Any CPU.ActiveCfg = Debug|Any CPU
		{732E57B1-DB2D-89C8-5FBC-2673426B3CE2}.Debug|Any CPU.Build.0 = Debug|Any CPU
		{732E57B1-DB2D-89C8-5FBC-2673426B3CE2}.Release|Any CPU.ActiveCfg = Release|Any CPU
		{732E57B1-DB2D-89C8-5FBC-2673426B3CE2}.Release|Any CPU.Build.0 = Release|Any CPU
		{B5D51FE5-1FE1-3EBF-9FB7-7EDA8859720F}.Debug|Any CPU.ActiveCfg = Debug|Any CPU
		{B5D51FE5-1FE1-3EBF-9FB7-7EDA8859720F}.Debug|Any CPU.Build.0 = Debug|Any CPU
		{B5D51FE5-1FE1-3EBF-9FB7-7EDA8859720F}.Release|Any CPU.ActiveCfg = Release|Any CPU
		{B5D51FE5-1FE1-3EBF-9FB7-7EDA8859720F}.Release|Any CPU.Build.0 = Release|Any CPU
	EndGlobalSection
	GlobalSection(SolutionProperties) = preSolution
		HideSolutionNode = FALSE
	EndGlobalSection
	GlobalSection(MonoDevelopProperties) = preSolution
		StartupItem = Assembly-CSharp.csproj
	EndGlobalSection
EndGlobal
